<?xml version="1.0" encoding="utf-8"?>
<Project ToolsVersion="4.0" xmlns="http://schemas.microsoft.com/developer/msbuild/2003">
  <ItemGroup>
    <Filter Include="Source Files">
      <UniqueIdentifier>{4FC737F1-C7A5-4376-A066-2A32D752A2FF}</UniqueIdentifier>
      <Extensions>cpp;c;cc;cxx;def;odl;idl;hpj;bat;asm;asmx</Extensions>
    </Filter>
    <Filter Include="Header Files">
      <UniqueIdentifier>{93995380-89BD-4b04-88EB-625FBE52EBFB}</UniqueIdentifier>
      <Extensions>h;hh;hpp;hxx;hm;inl;inc;ipp;xsd</Extensions>
    </Filter>
    <Filter Include="Resource Files">
      <UniqueIdentifier>{67DA6AB6-F800-4c08-8B7A-83BB121AAD01}</UniqueIdentifier>
      <Extensions>rc;ico;cur;bmp;dlg;rc2;rct;bin;rgs;gif;jpg;jpeg;jpe;resx;tiff;tif;png;wav;mfcribbon-ms</Extensions>
    </Filter>
  </ItemGroup>
  <ItemGroup>
    <ClCompile Include="FlappyBird.cpp">
      <Filter>Source Files</Filter>
    </ClCompile>
    <ClCompile Include="Game.cpp">
      <Filter>Source Files</Filter>
    </ClCompile>
    <ClCompile Include="Bird.cpp">
      <Filter>Source Files</Filter>
    </ClCompile>
    <ClCompile Include="Welcome.cpp">
      <Filter>Source Files</Filter>
    </ClCompile>
    <ClCompile Include="StartText.cpp">
      <Filter>Source Files</Filter>
    </ClCompile>
    <ClCompile Include="EndText.cpp">
      <Filter>Source Files</Filter>
    </ClCompile>
    <ClCompile Include="Endings.cpp">
      <Filter>Source Files</Filter>
    </ClCompile>
    <ClCompile Include="FirstEnding.cpp">
      <Filter>Source Files</Filter>
    </ClCompile>
    <ClCompile Include="SecondEnding.cpp">
      <Filter>Source Files</Filter>
    </ClCompile>
    <ClCompile Include="Luck.cpp">
      <Filter>Source Files</Filter>
    </ClCompile>
    <ClCompile Include="Names.cpp">
      <Filter>Source Files</Filter>
    </ClCompile>
    <ClCompile Include="ChooseName.cpp">
      <Filter>Source Files</Filter>
    </ClCompile>
    <ClCompile Include="PrintName.cpp">
      <Filter>Source Files</Filter>
    </ClCompile>
    <ClCompile Include="Macro.cpp">
      <Filter>Source Files</Filter>
    </ClCompile>
    <ClCompile Include="Command.cpp">
      <Filter>Source Files</Filter>
    </ClCompile>
    <ClCompile Include="PlayingAs.cpp">
      <Filter>Source Files</Filter>
    </ClCompile>
    <ClCompile Include="InTheMap.cpp">
      <Filter>Source Files</Filter>
    </ClCompile>
  </ItemGroup>
  <ItemGroup>
    <ClInclude Include="FlappyBird.h">
      <Filter>Header Files</Filter>
    </ClInclude>
    <ClInclude Include="Game.h">
      <Filter>Header Files</Filter>
    </ClInclude>
    <ClInclude Include="Bird.h">
      <Filter>Header Files</Filter>
    </ClInclude>
    <ClInclude Include="Welcome.h">
      <Filter>Header Files</Filter>
    </ClInclude>
    <ClInclude Include="StartText.h">
      <Filter>Header Files</Filter>
    </ClInclude>
    <ClInclude Include="EndText.h">
      <Filter>Header Files</Filter>
    </ClInclude>
    <ClInclude Include="Endings.h">
      <Filter>Header Files</Filter>
    </ClInclude>
    <ClInclude Include="FirstEnding.h">
      <Filter>Header Files</Filter>
    </ClInclude>
    <ClInclude Include="SecondEnding.h">
      <Filter>Header Files</Filter>
    </ClInclude>
    <ClInclude Include="Luck.h">
      <Filter>Header Files</Filter>
    </ClInclude>
    <ClInclude Include="Names.h">
      <Filter>Header Files</Filter>
    </ClInclude>
    <ClInclude Include="ChooseName.h">
      <Filter>Header Files</Filter>
    </ClInclude>
    <ClInclude Include="PrintName.h">
      <Filter>Header Files</Filter>
    </ClInclude>
    <ClInclude Include="Macro.h">
      <Filter>Header Files</Filter>
    </ClInclude>
    <ClInclude Include="Command.h">
      <Filter>Header Files</Filter>
    </ClInclude>
    <ClInclude Include="PlayingAs.h">
      <Filter>Header Files</Filter>
    </ClInclude>
    <ClInclude Include="InTheMap.h">
      <Filter>Header Files</Filter>
    </ClInclude>
  </ItemGroup>
</Project>